
Microsoft Visual Studio Solution File, Format Version 12.00
# Visual Studio 15
VisualStudioVersion = 15.0.28307.1585
MinimumVisualStudioVersion = 10.0.40219.1
Project("{FAE04EC0-301F-11D3-BF4B-00C04F79EFBC}") = "TesterPrgram", "ConsoleApp1\TesterPrgram.csproj", "{0C9EBCA0-F012-4101-9E9B-988ECA34EAF0}"
EndProject
Project("{FAE04EC0-301F-11D3-BF4B-00C04F79EFBC}") = "ClassesLibrary", "ClassLibrary1\ClassesLibrary.csproj", "{A57E8727-4AE8-4B89-8EA4-51E02AFB018E}"
EndProject
Global
	GlobalSection(SolutionConfigurationPlatforms) = preSolution
		Debug|Any CPU = Debug|Any CPU
		Release|Any CPU = Release|Any CPU
	EndGlobalSection
	GlobalSection(ProjectConfigurationPlatforms) = postSolution
		{0C9EBCA0-F012-4101-9E9B-988ECA34EAF0}.Debug|Any CPU.ActiveCfg = Debug|Any CPU
		{0C9EBCA0-F012-4101-9E9B-988ECA34EAF0}.Debug|Any CPU.Build.0 = Debug|Any CPU
		{0C9EBCA0-F012-4101-9E9B-988ECA34EAF0}.Release|Any CPU.ActiveCfg = Release|Any CPU
		{0C9EBCA0-F012-4101-9E9B-988ECA34EAF0}.Release|Any CPU.Build.0 = Release|Any CPU
		{A57E8727-4AE8-4B89-8EA4-51E02AFB018E}.Debug|Any CPU.ActiveCfg = Debug|Any CPU
		{A57E8727-4AE8-4B89-8EA4-51E02AFB018E}.Debug|Any CPU.Build.0 = Debug|Any CPU
		{A57E8727-4AE8-4B89-8EA4-51E02AFB018E}.Release|Any CPU.ActiveCfg = Release|Any CPU
		{A57E8727-4AE8-4B89-8EA4-51E02AFB018E}.Release|Any CPU.Build.0 = Release|Any CPU
	EndGlobalSection
	GlobalSection(SolutionProperties) = preSolution
		HideSolutionNode = FALSE
	EndGlobalSection
	GlobalSection(ExtensibilityGlobals) = postSolution
		SolutionGuid = {D24EEC3C-FFE1-42D8-A6B2-9C0D57B57729}
	EndGlobalSection
EndGlobal
